<?xml version="1.0" encoding="utf-8"?>
<Project ToolsVersion="4.0" xmlns="http://schemas.microsoft.com/developer/msbuild/2003">
  <ItemGroup>
    <Filter Include="Quelldateien">
      <UniqueIdentifier>{4FC737F1-C7A5-4376-A066-2A32D752A2FF}</UniqueIdentifier>
      <Extensions>cpp;c;cc;cxx;c++;cppm;ixx;def;odl;idl;hpj;bat;asm;asmx</Extensions>
    </Filter>
    <Filter Include="Headerdateien">
      <UniqueIdentifier>{93995380-89BD-4b04-88EB-625FBE52EBFB}</UniqueIdentifier>
      <Extensions>h;hh;hpp;hxx;h++;hm;inl;inc;ipp;xsd</Extensions>
    </Filter>
    <Filter Include="Ressourcendateien">
      <UniqueIdentifier>{67DA6AB6-F800-4c08-8B7A-83BB121AAD01}</UniqueIdentifier>
      <Extensions>rc;ico;cur;bmp;dlg;rc2;rct;bin;rgs;gif;jpg;jpeg;jpe;resx;tiff;tif;png;wav;mfcribbon-ms</Extensions>
    </Filter>
  </ItemGroup>
  <ItemGroup>
    <ClCompile Include="src\TalentTrees.cpp">
      <Filter>Quelldateien</Filter>
    </ClCompile>
    <ClCompile Include="src\TreeSolver.cpp">
      <Filter>Quelldateien</Filter>
    </ClCompile>
    <ClCompile Include="src\TTMEnginePresets.cpp">
      <Filter>Quelldateien</Filter>
    </ClCompile>
  </ItemGroup>
  <ItemGroup>
    <ClInclude Include="src\TalentTrees.h">
      <Filter>Headerdateien</Filter>
    </ClInclude>
    <ClInclude Include="src\TreeSolver.h">
      <Filter>Headerdateien</Filter>
    </ClInclude>
    <ClInclude Include="src\TTMEnginePresets.h">
      <Filter>Headerdateien</Filter>
    </ClInclude>
    <ClInclude Include="src\libs\libcurl\x64\include\curl.h">
      <Filter>Headerdateien</Filter>
    </ClInclude>
    <ClInclude Include="src\libs\libcurl\x64\include\curlver.h">
      <Filter>Headerdateien</Filter>
    </ClInclude>
    <ClInclude Include="src\libs\libcurl\x64\include\easy.h">
      <Filter>Headerdateien</Filter>
    </ClInclude>
    <ClInclude Include="src\libs\libcurl\x64\include\header.h">
      <Filter>Headerdateien</Filter>
    </ClInclude>
    <ClInclude Include="src\libs\libcurl\x64\include\mprintf.h">
      <Filter>Headerdateien</Filter>
    </ClInclude>
    <ClInclude Include="src\libs\libcurl\x64\include\multi.h">
      <Filter>Headerdateien</Filter>
    </ClInclude>
    <ClInclude Include="src\libs\libcurl\x64\include\options.h">
      <Filter>Headerdateien</Filter>
    </ClInclude>
    <ClInclude Include="src\libs\libcurl\x64\include\stdcheaders.h">
      <Filter>Headerdateien</Filter>
    </ClInclude>
    <ClInclude Include="src\libs\libcurl\x64\include\system.h">
      <Filter>Headerdateien</Filter>
    </ClInclude>
    <ClInclude Include="src\libs\libcurl\x64\include\typecheck-gcc.h">
      <Filter>Headerdateien</Filter>
    </ClInclude>
    <ClInclude Include="src\libs\libcurl\x64\include\urlapi.h">
      <Filter>Headerdateien</Filter>
    </ClInclude>
    <ClInclude Include="src\libs\libcurl\x86\include\urlapi.h">
      <Filter>Headerdateien</Filter>
    </ClInclude>
    <ClInclude Include="src\libs\libcurl\x86\include\curl.h">
      <Filter>Headerdateien</Filter>
    </ClInclude>
    <ClInclude Include="src\libs\libcurl\x86\include\curlver.h">
      <Filter>Headerdateien</Filter>
    </ClInclude>
    <ClInclude Include="src\libs\libcurl\x86\include\easy.h">
      <Filter>Headerdateien</Filter>
    </ClInclude>
    <ClInclude Include="src\libs\libcurl\x86\include\header.h">
      <Filter>Headerdateien</Filter>
    </ClInclude>
    <ClInclude Include="src\libs\libcurl\x86\include\mprintf.h">
      <Filter>Headerdateien</Filter>
    </ClInclude>
    <ClInclude Include="src\libs\libcurl\x86\include\multi.h">
      <Filter>Headerdateien</Filter>
    </ClInclude>
    <ClInclude Include="src\libs\libcurl\x86\include\options.h">
      <Filter>Headerdateien</Filter>
    </ClInclude>
    <ClInclude Include="src\libs\libcurl\x86\include\stdcheaders.h">
      <Filter>Headerdateien</Filter>
    </ClInclude>
    <ClInclude Include="src\libs\libcurl\x86\include\system.h">
      <Filter>Headerdateien</Filter>
    </ClInclude>
    <ClInclude Include="src\libs\libcurl\x86\include\typecheck-gcc.h">
      <Filter>Headerdateien</Filter>
    </ClInclude>
  </ItemGroup>
  <ItemGroup>
    <None Include="src\libs\libcurl\x64\copyright" />
    <None Include="src\libs\libcurl\x86\copyright" />
    <None Include="resources\cicd_presets\preset_processor.py" />
    <None Include="resources\cicd_presets\tree_presets_generator.py" />
  </ItemGroup>
  <ItemGroup>
    <Text Include="resources\presets.txt" />
    <Text Include="resources\node_id_orders.txt" />
    <Text Include="resources\cicd_presets\node_id_orders.txt" />
    <Text Include="resources\cicd_presets\presets.txt" />
    <Text Include="resources\cicd_presets\requirements.txt" />
    <Text Include="resources\cicd_presets\resource_versions.txt" />
    <Text Include="resources\cicd_presets\icons_packed_meta.txt" />
  </ItemGroup>
  <ItemGroup>
    <Image Include="resources\cicd_presets\icons_packed.png">
      <Filter>Ressourcendateien</Filter>
    </Image>
  </ItemGroup>
</Project>