<?xml version="1.0" encoding="utf-8"?>
<Project ToolsVersion="4.0" xmlns="http://schemas.microsoft.com/developer/msbuild/2003">
  <ItemGroup>
    <Filter Include="Quelldateien">
      <UniqueIdentifier>{4FC737F1-C7A5-4376-A066-2A32D752A2FF}</UniqueIdentifier>
      <Extensions>cpp;c;cc;cxx;c++;cppm;ixx;def;odl;idl;hpj;bat;asm;asmx</Extensions>
    </Filter>
    <Filter Include="Headerdateien">
      <UniqueIdentifier>{93995380-89BD-4b04-88EB-625FBE52EBFB}</UniqueIdentifier>
      <Extensions>h;hh;hpp;hxx;h++;hm;inl;inc;ipp;xsd</Extensions>
    </Filter>
    <Filter Include="Ressourcendateien">
      <UniqueIdentifier>{67DA6AB6-F800-4c08-8B7A-83BB121AAD01}</UniqueIdentifier>
      <Extensions>rc;ico;cur;bmp;dlg;rc2;rct;bin;rgs;gif;jpg;jpeg;jpe;resx;tiff;tif;png;wav;mfcribbon-ms</Extensions>
    </Filter>
  </ItemGroup>
  <ItemGroup>
    <ClCompile Include="src\Main.cpp">
      <Filter>Quelldateien</Filter>
    </ClCompile>
    <ClCompile Include="src\TalentTreeManager.cpp">
      <Filter>Quelldateien</Filter>
    </ClCompile>
    <ClCompile Include="resources\fonts\roboto_medium.h">
      <Filter>Quelldateien</Filter>
    </ClCompile>
    <ClCompile Include="src\TTMGUIPresets.cpp">
      <Filter>Quelldateien</Filter>
    </ClCompile>
    <ClCompile Include="src\TalentTreeEditorWindow.cpp">
      <Filter>Quelldateien</Filter>
    </ClCompile>
    <ClCompile Include="src\LoadoutEditorWindow.cpp">
      <Filter>Quelldateien</Filter>
    </ClCompile>
    <ClCompile Include="src\TalentTreeManagerDefinitions.cpp">
      <Filter>Quelldateien</Filter>
    </ClCompile>
    <ClCompile Include="src\LoadoutSolverWindow.cpp">
      <Filter>Quelldateien</Filter>
    </ClCompile>
    <ClCompile Include="src\Updater.cpp">
      <Filter>Quelldateien</Filter>
    </ClCompile>
    <ClCompile Include="src\libs\ImGui\imgui.cpp">
      <Filter>Quelldateien</Filter>
    </ClCompile>
    <ClCompile Include="src\libs\ImGui\imgui_demo.cpp">
      <Filter>Quelldateien</Filter>
    </ClCompile>
    <ClCompile Include="src\libs\ImGui\imgui_draw.cpp">
      <Filter>Quelldateien</Filter>
    </ClCompile>
    <ClCompile Include="src\libs\ImGui\imgui_stdlib.cpp">
      <Filter>Quelldateien</Filter>
    </ClCompile>
    <ClCompile Include="src\libs\ImGui\imgui_tables.cpp">
      <Filter>Quelldateien</Filter>
    </ClCompile>
    <ClCompile Include="src\libs\ImGui\imgui_widgets.cpp">
      <Filter>Quelldateien</Filter>
    </ClCompile>
    <ClCompile Include="src\libs\ImGui\backends\imgui_impl_dx11.cpp">
      <Filter>Quelldateien</Filter>
    </ClCompile>
    <ClCompile Include="src\libs\ImGui\backends\imgui_impl_win32.cpp">
      <Filter>Quelldateien</Filter>
    </ClCompile>
    <ClCompile Include="src\ImageHandler.cpp">
      <Filter>Quelldateien</Filter>
    </ClCompile>
    <ClCompile Include="src\SimAnalysisWindow.cpp">
      <Filter>Quelldateien</Filter>
    </ClCompile>
  </ItemGroup>
  <ItemGroup>
    <ClInclude Include="src\TalentTreeManager.h">
      <Filter>Headerdateien</Filter>
    </ClInclude>
    <ClInclude Include="resources\resource.h">
      <Filter>Headerdateien</Filter>
    </ClInclude>
    <ClInclude Include="src\TTMGUIPresets.h">
      <Filter>Headerdateien</Filter>
    </ClInclude>
    <ClInclude Include="src\TalentTreeEditorWindow.h">
      <Filter>Headerdateien</Filter>
    </ClInclude>
    <ClInclude Include="src\TalentTreeManagerDefinitions.h">
      <Filter>Headerdateien</Filter>
    </ClInclude>
    <ClInclude Include="src\LoadoutEditorWindow.h">
      <Filter>Headerdateien</Filter>
    </ClInclude>
    <ClInclude Include="src\LoadoutSolverWindow.h">
      <Filter>Headerdateien</Filter>
    </ClInclude>
    <ClInclude Include="src\Updater.h">
      <Filter>Headerdateien</Filter>
    </ClInclude>
    <ClInclude Include="src\libs\ImGui\imconfig.h">
      <Filter>Headerdateien</Filter>
    </ClInclude>
    <ClInclude Include="src\libs\ImGui\imgui.h">
      <Filter>Headerdateien</Filter>
    </ClInclude>
    <ClInclude Include="src\libs\ImGui\imgui_internal.h">
      <Filter>Headerdateien</Filter>
    </ClInclude>
    <ClInclude Include="src\libs\ImGui\imgui_stdlib.h">
      <Filter>Headerdateien</Filter>
    </ClInclude>
    <ClInclude Include="src\libs\ImGui\imstb_rectpack.h">
      <Filter>Headerdateien</Filter>
    </ClInclude>
    <ClInclude Include="src\libs\ImGui\imstb_textedit.h">
      <Filter>Headerdateien</Filter>
    </ClInclude>
    <ClInclude Include="src\libs\ImGui\imstb_truetype.h">
      <Filter>Headerdateien</Filter>
    </ClInclude>
    <ClInclude Include="src\libs\ImGui\backends\imgui_impl_dx11.h">
      <Filter>Headerdateien</Filter>
    </ClInclude>
    <ClInclude Include="src\libs\ImGui\backends\imgui_impl_win32.h">
      <Filter>Headerdateien</Filter>
    </ClInclude>
    <ClInclude Include="src\libs\stb\stb_image.h">
      <Filter>Headerdateien</Filter>
    </ClInclude>
    <ClInclude Include="src\libs\stb\stb_image_resize.h">
      <Filter>Headerdateien</Filter>
    </ClInclude>
    <ClInclude Include="src\ImageHandler.h">
      <Filter>Headerdateien</Filter>
    </ClInclude>
    <ClInclude Include="src\libs\stb\stb_image_write.h">
      <Filter>Headerdateien</Filter>
    </ClInclude>
    <ClInclude Include="src\TTMGUIPresetsInternal.h">
      <Filter>Headerdateien</Filter>
    </ClInclude>
    <ClInclude Include="src\SimAnalysisWindow.h">
      <Filter>Headerdateien</Filter>
    </ClInclude>
  </ItemGroup>
  <ItemGroup>
    <Font Include="resources\fonts\Roboto-Medium.ttf" />
  </ItemGroup>
  <ItemGroup>
    <ResourceCompile Include="resources\Resource.rc">
      <Filter>Ressourcendateien</Filter>
    </ResourceCompile>
  </ItemGroup>
  <ItemGroup>
    <Image Include="resources\icon1.ico">
      <Filter>Ressourcendateien</Filter>
    </Image>
    <Image Include="resources\gallery\LoadoutEditor.png">
      <Filter>Ressourcendateien</Filter>
    </Image>
    <Image Include="resources\gallery\LoadoutSolver.png">
      <Filter>Ressourcendateien</Filter>
    </Image>
    <Image Include="resources\gallery\TreeEditor1.png">
      <Filter>Ressourcendateien</Filter>
    </Image>
    <Image Include="resources\gallery\TreeEditor2.png">
      <Filter>Ressourcendateien</Filter>
    </Image>
    <Image Include="resources\icons\0\green_qmark.png">
      <Filter>Ressourcendateien</Filter>
    </Image>
    <Image Include="resources\icons\default.png">
      <Filter>Ressourcendateien</Filter>
    </Image>
    <Image Include="resources\icons\icons_packed.png">
      <Filter>Ressourcendateien</Filter>
    </Image>
    <Image Include="resources\TTM_icon.ico">
      <Filter>Ressourcendateien</Filter>
    </Image>
    <Image Include="resources\TTM_Banner.png">
      <Filter>Ressourcendateien</Filter>
    </Image>
    <Image Include="resources\updatertarget\icons_packed.png">
      <Filter>Ressourcendateien</Filter>
    </Image>
  </ItemGroup>
  <ItemGroup>
    <Text Include="resources\releasedocs\changelog.txt" />
    <Text Include="resources\releasedocs\README.txt" />
    <Text Include="src\ImGui\LICENSE.txt" />
    <Text Include="resources\resource_versions.txt" />
    <Text Include="src\libs\ImGui\LICENSE.txt" />
    <Text Include="src\libs\stb\LICENSE.txt" />
    <Text Include="resources\icons\icons_packed_meta.txt" />
    <Text Include="resources\updatertarget\icons_packed_meta.txt" />
    <Text Include="resources\updatertarget\presets.txt" />
    <Text Include="resources\updatertarget\resource_versions.txt" />
    <Text Include="resources\updatertarget\node_id_orders.txt" />
  </ItemGroup>
  <ItemGroup>
    <None Include="resources\icons\organize_pack_icons.py" />
  </ItemGroup>
</Project>